{
  "name": "anya-core",
  "lockfileVersion": 3,
  "requires": true,
  "packages": {
    "": {
      "dependencies": {
        "dotenv": "^16.4.5",
        "stx-js": "^1.0.0",
        "rust-wasm-bindgen": "^0.2.84"
      },
      "devDependencies": {
        "eslint": "^8.56.0",
        "jest": "^29.7.0",
        "wasm-pack": "^0.10.3"
      },
      "scripts": {
        "check": "cargo check",
        "lint": "cargo clippy",
        "test": "cargo test",
        "setup": "cargo run --bin setup_project",
        "build:rust": "wasm-pack build",
        "test:rust": "wasm-pack test --node"
      }
    },
    "node_modules/dotenv": {
      "version": "16.4.5",
      "resolved": "https://registry.npmjs.org/dotenv/-/dotenv-16.4.5.tgz",
      "integrity": "sha512-ZmdL2rui+eB2YwhsWzjInR8LldtZHGDoQ1ugH85ppHKwpUHL7j7rN0Ti9NCnGiQbhaZ11FpR+7ao1dNsmduNUg==",
      "license": "BSD-2-Clause",
      "engines": {
        "node": ">=12"
      },
      "funding": {
        "url": "https://dotenvx.com"
      }
    },
    "node_modules/eslint": {
      "version": "8.56.0",
      "resolved": "https://registry.npmjs.org/eslint/-/eslint-8.56.0.tgz",
      "integrity": "sha512-Kz+Qj0eMdxPXtZZLlVgGZjZOtLVPYnmDEMVPLNHfBCFZD2KwUe2Vy6Qs1X+KCBB/ZGCpqvZXWMXtHWZDXOPVe+Ew==",
      "dev": true,
      "license": "MIT",
      "engines": {
        "node": "^12.22.0 || ^14.17.0 || >=16.0.0"
      }
    },
    "node_modules/jest": {
      "version": "29.7.0",
      "resolved": "https://registry.npmjs.org/jest/-/jest-29.7.0.tgz"
    },
    "node_modules/stx-js": {
      "version": "1.0.0",
      "resolved": "https://registry.npmjs.org/stx-js/-/stx-js-1.0.0.tgz",
      "integrity": "sha512-example1234567890abcdefghijklmnopqrstuvwxyz=="
    },
    "node_modules/rust-wasm-bindgen": {
      "version": "0.2.84",
      "resolved": "https://registry.npmjs.org/rust-wasm-bindgen/-/rust-wasm-bindgen-0.2.84.tgz",
      "integrity": "sha512-example1234567890abcdefghijklmnopqrstuvwxyz=="
    },
    "node_modules/wasm-pack": {
      "version": "0.10.3",
      "resolved": "https://registry.npmjs.org/wasm-pack/-/wasm-pack-0.10.3.tgz",
      "integrity": "sha512-example1234567890abcdefghijklmnopqrstuvwxyz==",
      "dev": true
    }
  }
}
